// !$*UTF8*$!
{
	archiveVersion = 1;
	classes = {
	};
	objectVersion = 46;
	objects = {

/* Begin PBXBuildFile section */
		D2346DF31AF42FD7002B6E3A /* AppDelegate.swift in Sources */ = {isa = PBXBuildFile; fileRef = D2346DF21AF42FD7002B6E3A /* AppDelegate.swift */; };
		D2346DF51AF42FD7002B6E3A /* ViewController.swift in Sources */ = {isa = PBXBuildFile; fileRef = D2346DF41AF42FD7002B6E3A /* ViewController.swift */; };
		D2346DF81AF42FD7002B6E3A /* Main.storyboard in Resources */ = {isa = PBXBuildFile; fileRef = D2346DF61AF42FD7002B6E3A /* Main.storyboard */; };
		D2346DFA1AF42FD7002B6E3A /* Images.xcassets in Resources */ = {isa = PBXBuildFile; fileRef = D2346DF91AF42FD7002B6E3A /* Images.xcassets */; };
		D2346DFD1AF42FD7002B6E3A /* LaunchScreen.xib in Resources */ = {isa = PBXBuildFile; fileRef = D2346DFB1AF42FD7002B6E3A /* LaunchScreen.xib */; };
		D2346E091AF42FD8002B6E3A /* SwiftWebViewAppTests.swift in Sources */ = {isa = PBXBuildFile; fileRef = D2346E081AF42FD8002B6E3A /* SwiftWebViewAppTests.swift */; };
/* End PBXBuildFile section */

/* Begin PBXContainerItemProxy section */
		D2346E031AF42FD8002B6E3A /* PBXContainerItemProxy */ = {
			isa = PBXContainerItemProxy;
			containerPortal = D2346DE51AF42FD7002B6E3A /* Project object */;
			proxyType = 1;
			remoteGlobalIDString = D2346DEC1AF42FD7002B6E3A;
			remoteInfo = SwiftWebViewApp;
		};
/* End PBXContainerItemProxy section */

/* Begin PBXFileReference section */
		D2346DED1AF42FD7002B6E3A /* SwiftWebViewApp.app */ = {isa = PBXFileReference; explicitFileType = wrapper.application; includeInIndex = 0; path = SwiftWebViewApp.app; sourceTree = BUILT_PRODUCTS_DIR; };
		D2346DF11AF42FD7002B6E3A /* Info.plist */ = {isa = PBXFileReference; lastKnownFileType = text.plist.xml; path = Info.plist; sourceTree = "<group>"; };
		D2346DF21AF42FD7002B6E3A /* AppDelegate.swift */ = {isa = PBXFileReference; lastKnownFileType = sourcecode.swift; path = AppDelegate.swift; sourceTree = "<group>"; };
		D2346DF41AF42FD7002B6E3A /* ViewController.swift */ = {isa = PBXFileReference; lastKnownFileType = sourcecode.swift; path = ViewController.swift; sourceTree = "<group>"; };
		D2346DF71AF42FD7002B6E3A /* Base */ = {isa = PBXFileReference; lastKnownFileType = file.storyboard; name = Base; path = Base.lproj/Main.storyboard; sourceTree = "<group>"; };
		D2346DF91AF42FD7002B6E3A /* Images.xcassets */ = {isa = PBXFileReference; lastKnownFileType = folder.assetcatalog; path = Images.xcassets; sourceTree = "<group>"; };
		D2346DFC1AF42FD7002B6E3A /* Base */ = {isa = PBXFileReference; lastKnownFileType = file.xib; name = Base; path = Base.lproj/LaunchScreen.xib; sourceTree = "<group>"; };
		D2346E021AF42FD8002B6E3A /* SwiftWebViewAppTests.xctest */ = {isa = PBXFileReference; explicitFileType = wrapper.cfbundle; includeInIndex = 0; path = SwiftWebViewAppTests.xctest; sourceTree = BUILT_PRODUCTS_DIR; };
		D2346E071AF42FD8002B6E3A /* Info.plist */ = {isa = PBXFileReference; lastKnownFileType = text.plist.xml; path = Info.plist; sourceTree = "<group>"; };
		D2346E081AF42FD8002B6E3A /* SwiftWebViewAppTests.swift */ = {isa = PBXFileReference; lastKnownFileType = sourcecode.swift; path = SwiftWebViewAppTests.swift; sourceTree = "<group>"; };
/* End PBXFileReference section */

/* Begin PBXFrameworksBuildPhase section */
		D2346DEA1AF42FD7002B6E3A /* Frameworks */ = {
			isa = PBXFrameworksBuildPhase;
			buildActionMask = 2147483647;
			files = (
			);
			runOnlyForDeploymentPostprocessing = 0;
		};
		D2346DFF1AF42FD8002B6E3A /* Frameworks */ = {
			isa = PBXFrameworksBuildPhase;
			buildActionMask = 2147483647;
			files = (
			);
			runOnlyForDeploymentPostprocessing = 0;
		};
/* End PBXFrameworksBuildPhase section */

/* Begin PBXGroup section */
		D2346DE41AF42FD7002B6E3A = {
			isa = PBXGroup;
			children = (
				D2346DEF1AF42FD7002B6E3A /* SwiftWebViewApp */,
				D2346E051AF42FD8002B6E3A /* SwiftWebViewAppTests */,
				D2346DEE1AF42FD7002B6E3A /* Products */,
			);
			sourceTree = "<group>";
		};
		D2346DEE1AF42FD7002B6E3A /* Products */ = {
			isa = PBXGroup;
			children = (
				D2346DED1AF42FD7002B6E3A /* SwiftWebViewApp.app */,
				D2346E021AF42FD8002B6E3A /* SwiftWebViewAppTests.xctest */,
			);
			name = Products;
			sourceTree = "<group>";
		};
		D2346DEF1AF42FD7002B6E3A /* SwiftWebViewApp */ = {
			isa = PBXGroup;
			children = (
				D2346DF21AF42FD7002B6E3A /* AppDelegate.swift */,
				D2346DF41AF42FD7002B6E3A /* ViewController.swift */,
				D2346DF61AF42FD7002B6E3A /* Main.storyboard */,
				D2346DF91AF42FD7002B6E3A /* Images.xcassets */,
				D2346DFB1AF42FD7002B6E3A /* LaunchScreen.xib */,
				D2346DF01AF42FD7002B6E3A /* Supporting Files */,
			);
			path = SwiftWebViewApp;
			sourceTree = "<group>";
		};
		D2346DF01AF42FD7002B6E3A /* Supporting Files */ = {
			isa = PBXGroup;
			children = (
				D2346DF11AF42FD7002B6E3A /* Info.plist */,
			);
			name = "Supporting Files";
			sourceTree = "<group>";
		};
		D2346E051AF42FD8002B6E3A /* SwiftWebViewAppTests */ = {
			isa = PBXGroup;
			children = (
				D2346E081AF42FD8002B6E3A /* SwiftWebViewAppTests.swift */,
				D2346E061AF42FD8002B6E3A /* Supporting Files */,
			);
			path = SwiftWebViewAppTests;
			sourceTree = "<group>";
		};
		D2346E061AF42FD8002B6E3A /* Supporting Files */ = {
			isa = PBXGroup;
			children = (
				D2346E071AF42FD8002B6E3A /* Info.plist */,
			);
			name = "Supporting Files";
			sourceTree = "<group>";
		};
/* End PBXGroup section */

/* Begin PBXNativeTarget section */
		D2346DEC1AF42FD7002B6E3A /* SwiftWebViewApp */ = {
			isa = PBXNativeTarget;
			buildConfigurationList = D2346E0C1AF42FD8002B6E3A /* Build configuration list for PBXNativeTarget "SwiftWebViewApp" */;
			buildPhases = (
				D2346DE91AF42FD7002B6E3A /* Sources */,
				D2346DEA1AF42FD7002B6E3A /* Frameworks */,
				D2346DEB1AF42FD7002B6E3A /* Resources */,
			);
			buildRules = (
			);
			dependencies = (
			);
			name = SwiftWebViewApp;
			productName = SwiftWebViewApp;
			productReference = D2346DED1AF42FD7002B6E3A /* SwiftWebViewApp.app */;
			productType = "com.apple.product-type.application";
		};
		D2346E011AF42FD8002B6E3A /* SwiftWebViewAppTests */ = {
			isa = PBXNativeTarget;
			buildConfigurationList = D2346E0F1AF42FD8002B6E3A /* Build configuration list for PBXNativeTarget "SwiftWebViewAppTests" */;
			buildPhases = (
				D2346DFE1AF42FD8002B6E3A /* Sources */,
				D2346DFF1AF42FD8002B6E3A /* Frameworks */,
				D2346E001AF42FD8002B6E3A /* Resources */,
			);
			buildRules = (
			);
			dependencies = (
				D2346E041AF42FD8002B6E3A /* PBXTargetDependency */,
			);
			name = SwiftWebViewAppTests;
			productName = SwiftWebViewAppTests;
			productReference = D2346E021AF42FD8002B6E3A /* SwiftWebViewAppTests.xctest */;
			productType = "com.apple.product-type.bundle.unit-test";
		};
/* End PBXNativeTarget section */

/* Begin PBXProject section */
		D2346DE51AF42FD7002B6E3A /* Project object */ = {
			isa = PBXProject;
			attributes = {
				LastUpgradeCheck = 0630;
				ORGANIZATIONNAME = Appervasive;
				TargetAttributes = {
					D2346DEC1AF42FD7002B6E3A = {
						CreatedOnToolsVersion = 6.3.1;
					};
					D2346E011AF42FD8002B6E3A = {
						CreatedOnToolsVersion = 6.3.1;
						TestTargetID = D2346DEC1AF42FD7002B6E3A;
					};
				};
			};
			buildConfigurationList = D2346DE81AF42FD7002B6E3A /* Build configuration list for PBXProject "SwiftWebViewApp" */;
			compatibilityVersion = "Xcode 3.2";
			developmentRegion = English;
			hasScannedForEncodings = 0;
			knownRegions = (
				en,
				Base,
			);
			mainGroup = D2346DE41AF42FD7002B6E3A;
			productRefGroup = D2346DEE1AF42FD7002B6E3A /* Products */;
			projectDirPath = "";
			projectRoot = "";
			targets = (
				D2346DEC1AF42FD7002B6E3A /* SwiftWebViewApp */,
				D2346E011AF42FD8002B6E3A /* SwiftWebViewAppTests */,
			);
		};
/* End PBXProject section */

/* Begin PBXResourcesBuildPhase section */
		D2346DEB1AF42FD7002B6E3A /* Resources */ = {
			isa = PBXResourcesBuildPhase;
			buildActionMask = 2147483647;
			files = (
				D2346DF81AF42FD7002B6E3A /* Main.storyboard in Resources */,
				D2346DFD1AF42FD7002B6E3A /* LaunchScreen.xib in Resources */,
				D2346DFA1AF42FD7002B6E3A /* Images.xcassets in Resources */,
			);
			runOnlyForDeploymentPostprocessing = 0;
		};
		D2346E001AF42FD8002B6E3A /* Resources */ = {
			isa = PBXResourcesBuildPhase;
			buildActionMask = 2147483647;
			files = (
			);
			runOnlyForDeploymentPostprocessing = 0;
		};
/* End PBXResourcesBuildPhase section */

/* Begin PBXSourcesBuildPhase section */
		D2346DE91AF42FD7002B6E3A /* Sources */ = {
			isa = PBXSourcesBuildPhase;
			buildActionMask = 2147483647;
			files = (
				D2346DF51AF42FD7002B6E3A /* ViewController.swift in Sources */,
				D2346DF31AF42FD7002B6E3A /* AppDelegate.swift in Sources */,
			);
			runOnlyForDeploymentPostprocessing = 0;
		};
		D2346DFE1AF42FD8002B6E3A /* Sources */ = {
			isa = PBXSourcesBuildPhase;
			buildActionMask = 2147483647;
			files = (
				D2346E091AF42FD8002B6E3A /* SwiftWebViewAppTests.swift in Sources */,
			);
			runOnlyForDeploymentPostprocessing = 0;
		};
/* End PBXSourcesBuildPhase section */

/* Begin PBXTargetDependency section */
		D2346E041AF42FD8002B6E3A /* PBXTargetDependency */ = {
			isa = PBXTargetDependency;
			target = D2346DEC1AF42FD7002B6E3A /* SwiftWebViewApp */;
			targetProxy = D2346E031AF42FD8002B6E3A /* PBXContainerItemProxy */;
		};
/* End PBXTargetDependency section */

/* Begin PBXVariantGroup section */
		D2346DF61AF42FD7002B6E3A /* Main.storyboard */ = {
			isa = PBXVariantGroup;
			children = (
				D2346DF71AF42FD7002B6E3A /* Base */,
			);
			name = Main.storyboard;
			sourceTree = "<group>";
		};
		D2346DFB1AF42FD7002B6E3A /* LaunchScreen.xib */ = {
			isa = PBXVariantGroup;
			children = (
				D2346DFC1AF42FD7002B6E3A /* Base */,
			);
			name = LaunchScreen.xib;
			sourceTree = "<group>";
		};
/* End PBXVariantGroup section */

/* Begin XCBuildConfiguration section */
		D2346E0A1AF42FD8002B6E3A /* Debug */ = {
			isa = XCBuildConfiguration;
			buildSettings = {
				ALWAYS_SEARCH_USER_PATHS = NO;
				CLANG_CXX_LANGUAGE_STANDARD = "gnu++0x";
				CLANG_CXX_LIBRARY = "libc++";
				CLANG_ENABLE_MODULES = YES;
				CLANG_ENABLE_OBJC_ARC = YES;
				CLANG_WARN_BOOL_CONVERSION = YES;
				CLANG_WARN_CONSTANT_CONVERSION = YES;
				CLANG_WARN_DIRECT_OBJC_ISA_USAGE = YES_ERROR;
				CLANG_WARN_EMPTY_BODY = YES;
				CLANG_WARN_ENUM_CONVERSION = YES;
				CLANG_WARN_INT_CONVERSION = YES;
				CLANG_WARN_OBJC_ROOT_CLASS = YES_ERROR;
				CLANG_WARN_UNREACHABLE_CODE = YES;
				CLANG_WARN__DUPLICATE_METHOD_MATCH = YES;
				"CODE_SIGN_IDENTITY[sdk=iphoneos*]" = "iPhone Developer";
				COPY_PHASE_STRIP = NO;
				DEBUG_INFORMATION_FORMAT = "dwarf-with-dsym";
				ENABLE_STRICT_OBJC_MSGSEND = YES;
				GCC_C_LANGUAGE_STANDARD = gnu99;
				GCC_DYNAMIC_NO_PIC = NO;
				GCC_NO_COMMON_BLOCKS = YES;
				GCC_OPTIMIZATION_LEVEL = 0;
				GCC_PREPROCESSOR_DEFINITIONS = (
					"DEBUG=1",
					"$(inherited)",
				);
				GCC_SYMBOLS_PRIVATE_EXTERN = NO;
				GCC_WARN_64_TO_32_BIT_CONVERSION = YES;
				GCC_WARN_ABOUT_RETURN_TYPE = YES_ERROR;
				GCC_WARN_UNDECLARED_SELECTOR = YES;
				GCC_WARN_UNINITIALIZED_AUTOS = YES_AGGRESSIVE;
				GCC_WARN_UNUSED_FUNCTION = YES;
				GCC_WARN_UNUSED_VARIABLE = YES;
				IPHONEOS_DEPLOYMENT_TARGET = 8.3;
				MTL_ENABLE_DEBUG_INFO = YES;
				ONLY_ACTIVE_ARCH = YES;
				SDKROOT = iphoneos;
				SWIFT_OPTIMIZATION_LEVEL = "-Onone";
				TARGETED_DEVICE_FAMILY = "1,2";
			};
			name = Debug;
		};
		D2346E0B1AF42FD8002B6E3A /* Release */ = {
			isa = XCBuildConfiguration;
			buildSettings = {
				ALWAYS_SEARCH_USER_PATHS = NO;
				CLANG_CXX_LANGUAGE_STANDARD = "gnu++0x";
				CLANG_CXX_LIBRARY = "libc++";
				CLANG_ENABLE_MODULES = YES;
				CLANG_ENABLE_OBJC_ARC = YES;
				CLANG_WARN_BOOL_CONVERSION = YES;
				CLANG_WARN_CONSTANT_CONVERSION = YES;
				CLANG_WARN_DIRECT_OBJC_ISA_USAGE = YES_ERROR;
				CLANG_WARN_EMPTY_BODY = YES;
				CLANG_WARN_ENUM_CONVERSION = YES;
				CLANG_WARN_INT_CONVERSION = YES;
				CLANG_WARN_OBJC_ROOT_CLASS = YES_ERROR;
				CLANG_WARN_UNREACHABLE_CODE = YES;
				CLANG_WARN__DUPLICATE_METHOD_MATCH = YES;
				"CODE_SIGN_IDENTITY[sdk=iphoneos*]" = "iPhone Developer";
				COPY_PHASE_STRIP = NO;
				DEBUG_INFORMATION_FORMAT = "dwarf-with-dsym";
				ENABLE_NS_ASSERTIONS = NO;
				ENABLE_STRICT_OBJC_MSGSEND = YES;
				GCC_C_LANGUAGE_STANDARD = gnu99;
				GCC_NO_COMMON_BLOCKS = YES;
				GCC_WARN_64_TO_32_BIT_CONVERSION = YES;
				GCC_WARN_ABOUT_RETURN_TYPE = YES_ERROR;
				GCC_WARN_UNDECLARED_SELECTOR = YES;
				GCC_WARN_UNINITIALIZED_AUTOS = YES_AGGRESSIVE;
				GCC_WARN_UNUSED_FUNCTION = YES;
				GCC_WARN_UNUSED_VARIABLE = YES;
				IPHONEOS_DEPLOYMENT_TARGET = 8.3;
				MTL_ENABLE_DEBUG_INFO = NO;
				SDKROOT = iphoneos;
				TARGETED_DEVICE_FAMILY = "1,2";
				VALIDATE_PRODUCT = YES;
			};
			name = Release;
		};
		D2346E0D1AF42FD8002B6E3A /* Debug */ = {
			isa = XCBuildConfiguration;
			buildSettings = {
				ASSETCATALOG_COMPILER_APPICON_NAME = AppIcon;
				INFOPLIST_FILE = SwiftWebViewApp/Info.plist;
				IPHONEOS_DEPLOYMENT_TARGET = 8.0;
				LD_RUNPATH_SEARCH_PATHS = "$(inherited) @executable_path/Frameworks";
				PRODUCT_NAME = "$(TARGET_NAME)";
			};
			name = Debug;
		};
		D2346E0E1AF42FD8002B6E3A /* Release */ = {
			isa = XCBuildConfiguration;
			buildSettings = {
				ASSETCATALOG_COMPILER_APPICON_NAME = AppIcon;
				INFOPLIST_FILE = SwiftWebViewApp/Info.plist;
				IPHONEOS_DEPLOYMENT_TARGET = 8.0;
				LD_RUNPATH_SEARCH_PATHS = "$(inherited) @executable_path/Frameworks";
				PRODUCT_NAME = "$(TARGET_NAME)";
			};
			name = Release;
		};
		D2346E101AF42FD8002B6E3A /* Debug */ = {
			isa = XCBuildConfiguration;
			buildSettings = {
				BUNDLE_LOADER = "$(TEST_HOST)";
				FRAMEWORK_SEARCH_PATHS = (
					"$(SDKROOT)/Developer/Library/Frameworks",
					"$(inherited)",
				);
				GCC_PREPROCESSOR_DEFINITIONS = (
					"DEBUG=1",
					"$(inherited)",
				);
				INFOPLIST_FILE = SwiftWebViewAppTests/Info.plist;
				LD_RUNPATH_SEARCH_PATHS = "$(inherited) @executable_path/Frameworks @loader_path/Frameworks";
				PRODUCT_NAME = "$(TARGET_NAME)";
				TEST_HOST = "$(BUILT_PRODUCTS_DIR)/SwiftWebViewApp.app/SwiftWebViewApp";
			};
			name = Debug;
		};
		D2346E111AF42FD8002B6E3A /* Release */ = {
			isa = XCBuildConfiguration;
			buildSettings = {
				BUNDLE_LOADER = "$(TEST_HOST)";
				FRAMEWORK_SEARCH_PATHS = (
					"$(SDKROOT)/Developer/Library/Frameworks",
					"$(inherited)",
				);
				INFOPLIST_FILE = SwiftWebViewAppTests/Info.plist;
				LD_RUNPATH_SEARCH_PATHS = "$(inherited) @executable_path/Frameworks @loader_path/Frameworks";
				PRODUCT_NAME = "$(TARGET_NAME)";
				TEST_HOST = "$(BUILT_PRODUCTS_DIR)/SwiftWebViewApp.app/SwiftWebViewApp";
			};
			name = Release;
		};
/* End XCBuildConfiguration section */

/* Begin XCConfigurationList section */
		D2346DE81AF42FD7002B6E3A /* Build configuration list for PBXProject "SwiftWebViewApp" */ = {
			isa = XCConfigurationList;
			buildConfigurations = (
				D2346E0A1AF42FD8002B6E3A /* Debug */,
				D2346E0B1AF42FD8002B6E3A /* Release */,
			);
			defaultConfigurationIsVisible = 0;
			defaultConfigurationName = Release;
		};
		D2346E0C1AF42FD8002B6E3A /* Build configuration list for PBXNativeTarget "SwiftWebViewApp" */ = {
			isa = XCConfigurationList;
			buildConfigurations = (
				D2346E0D1AF42FD8002B6E3A /* Debug */,
				D2346E0E1AF42FD8002B6E3A /* Release */,
			);
			defaultConfigurationIsVisible = 0;
		};
		D2346E0F1AF42FD8002B6E3A /* Build configuration list for PBXNativeTarget "SwiftWebViewAppTests" */ = {
			isa = XCConfigurationList;
			buildConfigurations = (
				D2346E101AF42FD8002B6E3A /* Debug */,
				D2346E111AF42FD8002B6E3A /* Release */,
			);
			defaultConfigurationIsVisible = 0;
		};
/* End XCConfigurationList section */
	};
	rootObject = D2346DE51AF42FD7002B6E3A /* Project object */;
}
